
Microsoft Visual Studio Solution File, Format Version 12.00
# Visual Studio Version 17
VisualStudioVersion = 17.1.32414.318
MinimumVisualStudioVersion = 10.0.40219.1
Project("{FAE04EC0-301F-11D3-BF4B-00C04F79EFBC}") = "ClassCode", "ClassCode\ClassCode.csproj", "{26E7B725-FF5E-4986-984B-8AD2A54E8869}"
EndProject
Project("{FAE04EC0-301F-11D3-BF4B-00C04F79EFBC}") = "Excercise2", "Excercise2\Excercise2.csproj", "{3A5B54BB-29EF-4981-B2B6-A25C6F9A1690}"
EndProject
Project("{FAE04EC0-301F-11D3-BF4B-00C04F79EFBC}") = "Excercise3", "Excercise3\Excercise3.csproj", "{F9DE7830-B253-4318-9DC4-15D41AFA0512}"
EndProject
Global
	GlobalSection(SolutionConfigurationPlatforms) = preSolution
		Debug|Any CPU = Debug|Any CPU
		Release|Any CPU = Release|Any CPU
	EndGlobalSection
	GlobalSection(ProjectConfigurationPlatforms) = postSolution
		{26E7B725-FF5E-4986-984B-8AD2A54E8869}.Debug|Any CPU.ActiveCfg = Debug|Any CPU
		{26E7B725-FF5E-4986-984B-8AD2A54E8869}.Debug|Any CPU.Build.0 = Debug|Any CPU
		{26E7B725-FF5E-4986-984B-8AD2A54E8869}.Release|Any CPU.ActiveCfg = Release|Any CPU
		{26E7B725-FF5E-4986-984B-8AD2A54E8869}.Release|Any CPU.Build.0 = Release|Any CPU
		{3A5B54BB-29EF-4981-B2B6-A25C6F9A1690}.Debug|Any CPU.ActiveCfg = Debug|Any CPU
		{3A5B54BB-29EF-4981-B2B6-A25C6F9A1690}.Debug|Any CPU.Build.0 = Debug|Any CPU
		{3A5B54BB-29EF-4981-B2B6-A25C6F9A1690}.Release|Any CPU.ActiveCfg = Release|Any CPU
		{3A5B54BB-29EF-4981-B2B6-A25C6F9A1690}.Release|Any CPU.Build.0 = Release|Any CPU
		{F9DE7830-B253-4318-9DC4-15D41AFA0512}.Debug|Any CPU.ActiveCfg = Debug|Any CPU
		{F9DE7830-B253-4318-9DC4-15D41AFA0512}.Debug|Any CPU.Build.0 = Debug|Any CPU
		{F9DE7830-B253-4318-9DC4-15D41AFA0512}.Release|Any CPU.ActiveCfg = Release|Any CPU
		{F9DE7830-B253-4318-9DC4-15D41AFA0512}.Release|Any CPU.Build.0 = Release|Any CPU
	EndGlobalSection
	GlobalSection(SolutionProperties) = preSolution
		HideSolutionNode = FALSE
	EndGlobalSection
	GlobalSection(ExtensibilityGlobals) = postSolution
		SolutionGuid = {3B538DFE-A0A6-4975-8373-0641A788C34F}
	EndGlobalSection
EndGlobal
