
Microsoft Visual Studio Solution File, Format Version 12.00
# Visual Studio Version 17
VisualStudioVersion = 17.1.32414.318
MinimumVisualStudioVersion = 10.0.40219.1
Project("{FAE04EC0-301F-11D3-BF4B-00C04F79EFBC}") = "Class09", "Class09\Class09.csproj", "{1D9F9BFD-E9D8-4DF2-913B-B3F1490A1EC1}"
EndProject
Project("{FAE04EC0-301F-11D3-BF4B-00C04F79EFBC}") = "FileStrings", "FileStrings\FileStrings.csproj", "{2DCDCFA3-7C4C-4492-B746-C6D9FD617F42}"
EndProject
Project("{FAE04EC0-301F-11D3-BF4B-00C04F79EFBC}") = "Logger", "Logger\Logger.csproj", "{DF4980C8-0137-456A-A0CB-79AABA73D214}"
EndProject
Global
	GlobalSection(SolutionConfigurationPlatforms) = preSolution
		Debug|Any CPU = Debug|Any CPU
		Release|Any CPU = Release|Any CPU
	EndGlobalSection
	GlobalSection(ProjectConfigurationPlatforms) = postSolution
		{1D9F9BFD-E9D8-4DF2-913B-B3F1490A1EC1}.Debug|Any CPU.ActiveCfg = Debug|Any CPU
		{1D9F9BFD-E9D8-4DF2-913B-B3F1490A1EC1}.Debug|Any CPU.Build.0 = Debug|Any CPU
		{1D9F9BFD-E9D8-4DF2-913B-B3F1490A1EC1}.Release|Any CPU.ActiveCfg = Release|Any CPU
		{1D9F9BFD-E9D8-4DF2-913B-B3F1490A1EC1}.Release|Any CPU.Build.0 = Release|Any CPU
		{2DCDCFA3-7C4C-4492-B746-C6D9FD617F42}.Debug|Any CPU.ActiveCfg = Debug|Any CPU
		{2DCDCFA3-7C4C-4492-B746-C6D9FD617F42}.Debug|Any CPU.Build.0 = Debug|Any CPU
		{2DCDCFA3-7C4C-4492-B746-C6D9FD617F42}.Release|Any CPU.ActiveCfg = Release|Any CPU
		{2DCDCFA3-7C4C-4492-B746-C6D9FD617F42}.Release|Any CPU.Build.0 = Release|Any CPU
		{DF4980C8-0137-456A-A0CB-79AABA73D214}.Debug|Any CPU.ActiveCfg = Debug|Any CPU
		{DF4980C8-0137-456A-A0CB-79AABA73D214}.Debug|Any CPU.Build.0 = Debug|Any CPU
		{DF4980C8-0137-456A-A0CB-79AABA73D214}.Release|Any CPU.ActiveCfg = Release|Any CPU
		{DF4980C8-0137-456A-A0CB-79AABA73D214}.Release|Any CPU.Build.0 = Release|Any CPU
	EndGlobalSection
	GlobalSection(SolutionProperties) = preSolution
		HideSolutionNode = FALSE
	EndGlobalSection
	GlobalSection(ExtensibilityGlobals) = postSolution
		SolutionGuid = {BCCC17CB-5E7C-4CDC-81D9-FCE64CAABE04}
	EndGlobalSection
EndGlobal
