
Microsoft Visual Studio Solution File, Format Version 12.00
# Visual Studio Version 17
VisualStudioVersion = 17.1.32414.318
MinimumVisualStudioVersion = 10.0.40219.1
Project("{FAE04EC0-301F-11D3-BF4B-00C04F79EFBC}") = "ClassExcercise", "ClassExcercise\ClassExcercise.csproj", "{DEE6BDFC-2C54-4DC7-BF3E-403E78FB57C7}"
EndProject
Global
	GlobalSection(SolutionConfigurationPlatforms) = preSolution
		Debug|Any CPU = Debug|Any CPU
		Release|Any CPU = Release|Any CPU
	EndGlobalSection
	GlobalSection(ProjectConfigurationPlatforms) = postSolution
		{DEE6BDFC-2C54-4DC7-BF3E-403E78FB57C7}.Debug|Any CPU.ActiveCfg = Debug|Any CPU
		{DEE6BDFC-2C54-4DC7-BF3E-403E78FB57C7}.Debug|Any CPU.Build.0 = Debug|Any CPU
		{DEE6BDFC-2C54-4DC7-BF3E-403E78FB57C7}.Release|Any CPU.ActiveCfg = Release|Any CPU
		{DEE6BDFC-2C54-4DC7-BF3E-403E78FB57C7}.Release|Any CPU.Build.0 = Release|Any CPU
	EndGlobalSection
	GlobalSection(SolutionProperties) = preSolution
		HideSolutionNode = FALSE
	EndGlobalSection
	GlobalSection(ExtensibilityGlobals) = postSolution
		SolutionGuid = {43046CB2-4A94-47B5-88F1-E31685B0D3C1}
	EndGlobalSection
EndGlobal
